
Microsoft Visual Studio Solution File, Format Version 12.00
# Visual Studio 15
VisualStudioVersion = 15.0.28307.539
MinimumVisualStudioVersion = 10.0.40219.1
Project("{FAE04EC0-301F-11D3-BF4B-00C04F79EFBC}") = "WPF_SmartCity_MathiasThomassen_201706287", "WPF_SmartCity_MathiasThomassen_201706287\WPF_SmartCity_MathiasThomassen_201706287.csproj", "{6ADBFC53-0FBE-4365-AAC7-A47FFEA8DAAA}"
EndProject
Project("{FAE04EC0-301F-11D3-BF4B-00C04F79EFBC}") = "ASPNET_SmartCity_MathiasThomassen_201706287", "ASPNET_SmartCity_MathiasThomassen_201706287\ASPNET_SmartCity_MathiasThomassen_201706287.csproj", "{EA82FBC9-F8D4-4F16-9167-FF81A8F85319}"
EndProject
Global
	GlobalSection(SolutionConfigurationPlatforms) = preSolution
		Debug|Any CPU = Debug|Any CPU
		Release|Any CPU = Release|Any CPU
	EndGlobalSection
	GlobalSection(ProjectConfigurationPlatforms) = postSolution
		{6ADBFC53-0FBE-4365-AAC7-A47FFEA8DAAA}.Debug|Any CPU.ActiveCfg = Debug|Any CPU
		{6ADBFC53-0FBE-4365-AAC7-A47FFEA8DAAA}.Debug|Any CPU.Build.0 = Debug|Any CPU
		{6ADBFC53-0FBE-4365-AAC7-A47FFEA8DAAA}.Release|Any CPU.ActiveCfg = Release|Any CPU
		{6ADBFC53-0FBE-4365-AAC7-A47FFEA8DAAA}.Release|Any CPU.Build.0 = Release|Any CPU
		{EA82FBC9-F8D4-4F16-9167-FF81A8F85319}.Debug|Any CPU.ActiveCfg = Debug|Any CPU
		{EA82FBC9-F8D4-4F16-9167-FF81A8F85319}.Debug|Any CPU.Build.0 = Debug|Any CPU
		{EA82FBC9-F8D4-4F16-9167-FF81A8F85319}.Release|Any CPU.ActiveCfg = Release|Any CPU
		{EA82FBC9-F8D4-4F16-9167-FF81A8F85319}.Release|Any CPU.Build.0 = Release|Any CPU
	EndGlobalSection
	GlobalSection(SolutionProperties) = preSolution
		HideSolutionNode = FALSE
	EndGlobalSection
	GlobalSection(ExtensibilityGlobals) = postSolution
		SolutionGuid = {A00C4998-A189-4A66-9172-8ADD9E6B0B48}
	EndGlobalSection
EndGlobal
